// !$*UTF8*$!
{
	archiveVersion = 1;
	classes = {
	};
	objectVersion = 46;
	objects = {

/* Begin PBXBuildFile section */
		A90FBC8A1BF7139C000F8629 /* AppDelegate.swift in Sources */ = {isa = PBXBuildFile; fileRef = A90FBC891BF7139C000F8629 /* AppDelegate.swift */; };
		A90FBC8C1BF7139C000F8629 /* ViewController.swift in Sources */ = {isa = PBXBuildFile; fileRef = A90FBC8B1BF7139C000F8629 /* ViewController.swift */; };
		A90FBC8F1BF7139C000F8629 /* Main.storyboard in Resources */ = {isa = PBXBuildFile; fileRef = A90FBC8D1BF7139C000F8629 /* Main.storyboard */; };
		A90FBC911BF7139C000F8629 /* Assets.xcassets in Resources */ = {isa = PBXBuildFile; fileRef = A90FBC901BF7139C000F8629 /* Assets.xcassets */; };
		A90FBC941BF7139C000F8629 /* LaunchScreen.storyboard in Resources */ = {isa = PBXBuildFile; fileRef = A90FBC921BF7139C000F8629 /* LaunchScreen.storyboard */; };
		A90FBC9F1BF7139C000F8629 /* pruebaGitTests.swift in Sources */ = {isa = PBXBuildFile; fileRef = A90FBC9E1BF7139C000F8629 /* pruebaGitTests.swift */; };
		A90FBCAA1BF7139C000F8629 /* pruebaGitUITests.swift in Sources */ = {isa = PBXBuildFile; fileRef = A90FBCA91BF7139C000F8629 /* pruebaGitUITests.swift */; };
/* End PBXBuildFile section */

/* Begin PBXContainerItemProxy section */
		A90FBC9B1BF7139C000F8629 /* PBXContainerItemProxy */ = {
			isa = PBXContainerItemProxy;
			containerPortal = A90FBC7E1BF7139C000F8629 /* Project object */;
			proxyType = 1;
			remoteGlobalIDString = A90FBC851BF7139C000F8629;
			remoteInfo = pruebaGit;
		};
		A90FBCA61BF7139C000F8629 /* PBXContainerItemProxy */ = {
			isa = PBXContainerItemProxy;
			containerPortal = A90FBC7E1BF7139C000F8629 /* Project object */;
			proxyType = 1;
			remoteGlobalIDString = A90FBC851BF7139C000F8629;
			remoteInfo = pruebaGit;
		};
/* End PBXContainerItemProxy section */

/* Begin PBXFileReference section */
		A90FBC861BF7139C000F8629 /* pruebaGit.app */ = {isa = PBXFileReference; explicitFileType = wrapper.application; includeInIndex = 0; path = pruebaGit.app; sourceTree = BUILT_PRODUCTS_DIR; };
		A90FBC891BF7139C000F8629 /* AppDelegate.swift */ = {isa = PBXFileReference; lastKnownFileType = sourcecode.swift; path = AppDelegate.swift; sourceTree = "<group>"; };
		A90FBC8B1BF7139C000F8629 /* ViewController.swift */ = {isa = PBXFileReference; lastKnownFileType = sourcecode.swift; path = ViewController.swift; sourceTree = "<group>"; };
		A90FBC8E1BF7139C000F8629 /* Base */ = {isa = PBXFileReference; lastKnownFileType = file.storyboard; name = Base; path = Base.lproj/Main.storyboard; sourceTree = "<group>"; };
		A90FBC901BF7139C000F8629 /* Assets.xcassets */ = {isa = PBXFileReference; lastKnownFileType = folder.assetcatalog; path = Assets.xcassets; sourceTree = "<group>"; };
		A90FBC931BF7139C000F8629 /* Base */ = {isa = PBXFileReference; lastKnownFileType = file.storyboard; name = Base; path = Base.lproj/LaunchScreen.storyboard; sourceTree = "<group>"; };
		A90FBC951BF7139C000F8629 /* Info.plist */ = {isa = PBXFileReference; lastKnownFileType = text.plist.xml; path = Info.plist; sourceTree = "<group>"; };
		A90FBC9A1BF7139C000F8629 /* pruebaGitTests.xctest */ = {isa = PBXFileReference; explicitFileType = wrapper.cfbundle; includeInIndex = 0; path = pruebaGitTests.xctest; sourceTree = BUILT_PRODUCTS_DIR; };
		A90FBC9E1BF7139C000F8629 /* pruebaGitTests.swift */ = {isa = PBXFileReference; lastKnownFileType = sourcecode.swift; path = pruebaGitTests.swift; sourceTree = "<group>"; };
		A90FBCA01BF7139C000F8629 /* Info.plist */ = {isa = PBXFileReference; lastKnownFileType = text.plist.xml; path = Info.plist; sourceTree = "<group>"; };
		A90FBCA51BF7139C000F8629 /* pruebaGitUITests.xctest */ = {isa = PBXFileReference; explicitFileType = wrapper.cfbundle; includeInIndex = 0; path = pruebaGitUITests.xctest; sourceTree = BUILT_PRODUCTS_DIR; };
		A90FBCA91BF7139C000F8629 /* pruebaGitUITests.swift */ = {isa = PBXFileReference; lastKnownFileType = sourcecode.swift; path = pruebaGitUITests.swift; sourceTree = "<group>"; };
		A90FBCAB1BF7139C000F8629 /* Info.plist */ = {isa = PBXFileReference; lastKnownFileType = text.plist.xml; path = Info.plist; sourceTree = "<group>"; };
/* End PBXFileReference section */

/* Begin PBXFrameworksBuildPhase section */
		A90FBC831BF7139C000F8629 /* Frameworks */ = {
			isa = PBXFrameworksBuildPhase;
			buildActionMask = 2147483647;
			files = (
			);
			runOnlyForDeploymentPostprocessing = 0;
		};
		A90FBC971BF7139C000F8629 /* Frameworks */ = {
			isa = PBXFrameworksBuildPhase;
			buildActionMask = 2147483647;
			files = (
			);
			runOnlyForDeploymentPostprocessing = 0;
		};
		A90FBCA21BF7139C000F8629 /* Frameworks */ = {
			isa = PBXFrameworksBuildPhase;
			buildActionMask = 2147483647;
			files = (
			);
			runOnlyForDeploymentPostprocessing = 0;
		};
/* End PBXFrameworksBuildPhase section */

/* Begin PBXGroup section */
		A90FBC7D1BF7139C000F8629 = {
			isa = PBXGroup;
			children = (
				A90FBC881BF7139C000F8629 /* pruebaGit */,
				A90FBC9D1BF7139C000F8629 /* pruebaGitTests */,
				A90FBCA81BF7139C000F8629 /* pruebaGitUITests */,
				A90FBC871BF7139C000F8629 /* Products */,
			);
			sourceTree = "<group>";
		};
		A90FBC871BF7139C000F8629 /* Products */ = {
			isa = PBXGroup;
			children = (
				A90FBC861BF7139C000F8629 /* pruebaGit.app */,
				A90FBC9A1BF7139C000F8629 /* pruebaGitTests.xctest */,
				A90FBCA51BF7139C000F8629 /* pruebaGitUITests.xctest */,
			);
			name = Products;
			sourceTree = "<group>";
		};
		A90FBC881BF7139C000F8629 /* pruebaGit */ = {
			isa = PBXGroup;
			children = (
				A90FBC891BF7139C000F8629 /* AppDelegate.swift */,
				A90FBC8B1BF7139C000F8629 /* ViewController.swift */,
				A90FBC8D1BF7139C000F8629 /* Main.storyboard */,
				A90FBC901BF7139C000F8629 /* Assets.xcassets */,
				A90FBC921BF7139C000F8629 /* LaunchScreen.storyboard */,
				A90FBC951BF7139C000F8629 /* Info.plist */,
			);
			path = pruebaGit;
			sourceTree = "<group>";
		};
		A90FBC9D1BF7139C000F8629 /* pruebaGitTests */ = {
			isa = PBXGroup;
			children = (
				A90FBC9E1BF7139C000F8629 /* pruebaGitTests.swift */,
				A90FBCA01BF7139C000F8629 /* Info.plist */,
			);
			path = pruebaGitTests;
			sourceTree = "<group>";
		};
		A90FBCA81BF7139C000F8629 /* pruebaGitUITests */ = {
			isa = PBXGroup;
			children = (
				A90FBCA91BF7139C000F8629 /* pruebaGitUITests.swift */,
				A90FBCAB1BF7139C000F8629 /* Info.plist */,
			);
			path = pruebaGitUITests;
			sourceTree = "<group>";
		};
/* End PBXGroup section */

/* Begin PBXNativeTarget section */
		A90FBC851BF7139C000F8629 /* pruebaGit */ = {
			isa = PBXNativeTarget;
			buildConfigurationList = A90FBCAE1BF7139C000F8629 /* Build configuration list for PBXNativeTarget "pruebaGit" */;
			buildPhases = (
				A90FBC821BF7139C000F8629 /* Sources */,
				A90FBC831BF7139C000F8629 /* Frameworks */,
				A90FBC841BF7139C000F8629 /* Resources */,
			);
			buildRules = (
			);
			dependencies = (
			);
			name = pruebaGit;
			productName = pruebaGit;
			productReference = A90FBC861BF7139C000F8629 /* pruebaGit.app */;
			productType = "com.apple.product-type.application";
		};
		A90FBC991BF7139C000F8629 /* pruebaGitTests */ = {
			isa = PBXNativeTarget;
			buildConfigurationList = A90FBCB11BF7139C000F8629 /* Build configuration list for PBXNativeTarget "pruebaGitTests" */;
			buildPhases = (
				A90FBC961BF7139C000F8629 /* Sources */,
				A90FBC971BF7139C000F8629 /* Frameworks */,
				A90FBC981BF7139C000F8629 /* Resources */,
			);
			buildRules = (
			);
			dependencies = (
				A90FBC9C1BF7139C000F8629 /* PBXTargetDependency */,
			);
			name = pruebaGitTests;
			productName = pruebaGitTests;
			productReference = A90FBC9A1BF7139C000F8629 /* pruebaGitTests.xctest */;
			productType = "com.apple.product-type.bundle.unit-test";
		};
		A90FBCA41BF7139C000F8629 /* pruebaGitUITests */ = {
			isa = PBXNativeTarget;
			buildConfigurationList = A90FBCB41BF7139C000F8629 /* Build configuration list for PBXNativeTarget "pruebaGitUITests" */;
			buildPhases = (
				A90FBCA11BF7139C000F8629 /* Sources */,
				A90FBCA21BF7139C000F8629 /* Frameworks */,
				A90FBCA31BF7139C000F8629 /* Resources */,
			);
			buildRules = (
			);
			dependencies = (
				A90FBCA71BF7139C000F8629 /* PBXTargetDependency */,
			);
			name = pruebaGitUITests;
			productName = pruebaGitUITests;
			productReference = A90FBCA51BF7139C000F8629 /* pruebaGitUITests.xctest */;
			productType = "com.apple.product-type.bundle.ui-testing";
		};
/* End PBXNativeTarget section */

/* Begin PBXProject section */
		A90FBC7E1BF7139C000F8629 /* Project object */ = {
			isa = PBXProject;
			attributes = {
				LastSwiftUpdateCheck = 0710;
				LastUpgradeCheck = 0710;
				ORGANIZATIONNAME = "Antonio Espinoza";
				TargetAttributes = {
					A90FBC851BF7139C000F8629 = {
						CreatedOnToolsVersion = 7.1;
					};
					A90FBC991BF7139C000F8629 = {
						CreatedOnToolsVersion = 7.1;
						TestTargetID = A90FBC851BF7139C000F8629;
					};
					A90FBCA41BF7139C000F8629 = {
						CreatedOnToolsVersion = 7.1;
						TestTargetID = A90FBC851BF7139C000F8629;
					};
				};
			};
			buildConfigurationList = A90FBC811BF7139C000F8629 /* Build configuration list for PBXProject "pruebaGit" */;
			compatibilityVersion = "Xcode 3.2";
			developmentRegion = English;
			hasScannedForEncodings = 0;
			knownRegions = (
				en,
				Base,
			);
			mainGroup = A90FBC7D1BF7139C000F8629;
			productRefGroup = A90FBC871BF7139C000F8629 /* Products */;
			projectDirPath = "";
			projectRoot = "";
			targets = (
				A90FBC851BF7139C000F8629 /* pruebaGit */,
				A90FBC991BF7139C000F8629 /* pruebaGitTests */,
				A90FBCA41BF7139C000F8629 /* pruebaGitUITests */,
			);
		};
/* End PBXProject section */

/* Begin PBXResourcesBuildPhase section */
		A90FBC841BF7139C000F8629 /* Resources */ = {
			isa = PBXResourcesBuildPhase;
			buildActionMask = 2147483647;
			files = (
				A90FBC941BF7139C000F8629 /* LaunchScreen.storyboard in Resources */,
				A90FBC911BF7139C000F8629 /* Assets.xcassets in Resources */,
				A90FBC8F1BF7139C000F8629 /* Main.storyboard in Resources */,
			);
			runOnlyForDeploymentPostprocessing = 0;
		};
		A90FBC981BF7139C000F8629 /* Resources */ = {
			isa = PBXResourcesBuildPhase;
			buildActionMask = 2147483647;
			files = (
			);
			runOnlyForDeploymentPostprocessing = 0;
		};
		A90FBCA31BF7139C000F8629 /* Resources */ = {
			isa = PBXResourcesBuildPhase;
			buildActionMask = 2147483647;
			files = (
			);
			runOnlyForDeploymentPostprocessing = 0;
		};
/* End PBXResourcesBuildPhase section */

/* Begin PBXSourcesBuildPhase section */
		A90FBC821BF7139C000F8629 /* Sources */ = {
			isa = PBXSourcesBuildPhase;
			buildActionMask = 2147483647;
			files = (
				A90FBC8C1BF7139C000F8629 /* ViewController.swift in Sources */,
				A90FBC8A1BF7139C000F8629 /* AppDelegate.swift in Sources */,
			);
			runOnlyForDeploymentPostprocessing = 0;
		};
		A90FBC961BF7139C000F8629 /* Sources */ = {
			isa = PBXSourcesBuildPhase;
			buildActionMask = 2147483647;
			files = (
				A90FBC9F1BF7139C000F8629 /* pruebaGitTests.swift in Sources */,
			);
			runOnlyForDeploymentPostprocessing = 0;
		};
		A90FBCA11BF7139C000F8629 /* Sources */ = {
			isa = PBXSourcesBuildPhase;
			buildActionMask = 2147483647;
			files = (
				A90FBCAA1BF7139C000F8629 /* pruebaGitUITests.swift in Sources */,
			);
			runOnlyForDeploymentPostprocessing = 0;
		};
/* End PBXSourcesBuildPhase section */

/* Begin PBXTargetDependency section */
		A90FBC9C1BF7139C000F8629 /* PBXTargetDependency */ = {
			isa = PBXTargetDependency;
			target = A90FBC851BF7139C000F8629 /* pruebaGit */;
			targetProxy = A90FBC9B1BF7139C000F8629 /* PBXContainerItemProxy */;
		};
		A90FBCA71BF7139C000F8629 /* PBXTargetDependency */ = {
			isa = PBXTargetDependency;
			target = A90FBC851BF7139C000F8629 /* pruebaGit */;
			targetProxy = A90FBCA61BF7139C000F8629 /* PBXContainerItemProxy */;
		};
/* End PBXTargetDependency section */

/* Begin PBXVariantGroup section */
		A90FBC8D1BF7139C000F8629 /* Main.storyboard */ = {
			isa = PBXVariantGroup;
			children = (
				A90FBC8E1BF7139C000F8629 /* Base */,
			);
			name = Main.storyboard;
			sourceTree = "<group>";
		};
		A90FBC921BF7139C000F8629 /* LaunchScreen.storyboard */ = {
			isa = PBXVariantGroup;
			children = (
				A90FBC931BF7139C000F8629 /* Base */,
			);
			name = LaunchScreen.storyboard;
			sourceTree = "<group>";
		};
/* End PBXVariantGroup section */

/* Begin XCBuildConfiguration section */
		A90FBCAC1BF7139C000F8629 /* Debug */ = {
			isa = XCBuildConfiguration;
			buildSettings = {
				ALWAYS_SEARCH_USER_PATHS = NO;
				CLANG_CXX_LANGUAGE_STANDARD = "gnu++0x";
				CLANG_CXX_LIBRARY = "libc++";
				CLANG_ENABLE_MODULES = YES;
				CLANG_ENABLE_OBJC_ARC = YES;
				CLANG_WARN_BOOL_CONVERSION = YES;
				CLANG_WARN_CONSTANT_CONVERSION = YES;
				CLANG_WARN_DIRECT_OBJC_ISA_USAGE = YES_ERROR;
				CLANG_WARN_EMPTY_BODY = YES;
				CLANG_WARN_ENUM_CONVERSION = YES;
				CLANG_WARN_INT_CONVERSION = YES;
				CLANG_WARN_OBJC_ROOT_CLASS = YES_ERROR;
				CLANG_WARN_UNREACHABLE_CODE = YES;
				CLANG_WARN__DUPLICATE_METHOD_MATCH = YES;
				"CODE_SIGN_IDENTITY[sdk=iphoneos*]" = "iPhone Developer";
				COPY_PHASE_STRIP = NO;
				DEBUG_INFORMATION_FORMAT = dwarf;
				ENABLE_STRICT_OBJC_MSGSEND = YES;
				ENABLE_TESTABILITY = YES;
				GCC_C_LANGUAGE_STANDARD = gnu99;
				GCC_DYNAMIC_NO_PIC = NO;
				GCC_NO_COMMON_BLOCKS = YES;
				GCC_OPTIMIZATION_LEVEL = 0;
				GCC_PREPROCESSOR_DEFINITIONS = (
					"DEBUG=1",
					"$(inherited)",
				);
				GCC_WARN_64_TO_32_BIT_CONVERSION = YES;
				GCC_WARN_ABOUT_RETURN_TYPE = YES_ERROR;
				GCC_WARN_UNDECLARED_SELECTOR = YES;
				GCC_WARN_UNINITIALIZED_AUTOS = YES_AGGRESSIVE;
				GCC_WARN_UNUSED_FUNCTION = YES;
				GCC_WARN_UNUSED_VARIABLE = YES;
				IPHONEOS_DEPLOYMENT_TARGET = 9.1;
				MTL_ENABLE_DEBUG_INFO = YES;
				ONLY_ACTIVE_ARCH = YES;
				SDKROOT = iphoneos;
				SWIFT_OPTIMIZATION_LEVEL = "-Onone";
			};
			name = Debug;
		};
		A90FBCAD1BF7139C000F8629 /* Release */ = {
			isa = XCBuildConfiguration;
			buildSettings = {
				ALWAYS_SEARCH_USER_PATHS = NO;
				CLANG_CXX_LANGUAGE_STANDARD = "gnu++0x";
				CLANG_CXX_LIBRARY = "libc++";
				CLANG_ENABLE_MODULES = YES;
				CLANG_ENABLE_OBJC_ARC = YES;
				CLANG_WARN_BOOL_CONVERSION = YES;
				CLANG_WARN_CONSTANT_CONVERSION = YES;
				CLANG_WARN_DIRECT_OBJC_ISA_USAGE = YES_ERROR;
				CLANG_WARN_EMPTY_BODY = YES;
				CLANG_WARN_ENUM_CONVERSION = YES;
				CLANG_WARN_INT_CONVERSION = YES;
				CLANG_WARN_OBJC_ROOT_CLASS = YES_ERROR;
				CLANG_WARN_UNREACHABLE_CODE = YES;
				CLANG_WARN__DUPLICATE_METHOD_MATCH = YES;
				"CODE_SIGN_IDENTITY[sdk=iphoneos*]" = "iPhone Developer";
				COPY_PHASE_STRIP = NO;
				DEBUG_INFORMATION_FORMAT = "dwarf-with-dsym";
				ENABLE_NS_ASSERTIONS = NO;
				ENABLE_STRICT_OBJC_MSGSEND = YES;
				GCC_C_LANGUAGE_STANDARD = gnu99;
				GCC_NO_COMMON_BLOCKS = YES;
				GCC_WARN_64_TO_32_BIT_CONVERSION = YES;
				GCC_WARN_ABOUT_RETURN_TYPE = YES_ERROR;
				GCC_WARN_UNDECLARED_SELECTOR = YES;
				GCC_WARN_UNINITIALIZED_AUTOS = YES_AGGRESSIVE;
				GCC_WARN_UNUSED_FUNCTION = YES;
				GCC_WARN_UNUSED_VARIABLE = YES;
				IPHONEOS_DEPLOYMENT_TARGET = 9.1;
				MTL_ENABLE_DEBUG_INFO = NO;
				SDKROOT = iphoneos;
				VALIDATE_PRODUCT = YES;
			};
			name = Release;
		};
		A90FBCAF1BF7139C000F8629 /* Debug */ = {
			isa = XCBuildConfiguration;
			buildSettings = {
				ASSETCATALOG_COMPILER_APPICON_NAME = AppIcon;
				INFOPLIST_FILE = pruebaGit/Info.plist;
				LD_RUNPATH_SEARCH_PATHS = "$(inherited) @executable_path/Frameworks";
				PRODUCT_BUNDLE_IDENTIFIER = com.clicks.pruebaGit;
				PRODUCT_NAME = "$(TARGET_NAME)";
			};
			name = Debug;
		};
		A90FBCB01BF7139C000F8629 /* Release */ = {
			isa = XCBuildConfiguration;
			buildSettings = {
				ASSETCATALOG_COMPILER_APPICON_NAME = AppIcon;
				INFOPLIST_FILE = pruebaGit/Info.plist;
				LD_RUNPATH_SEARCH_PATHS = "$(inherited) @executable_path/Frameworks";
				PRODUCT_BUNDLE_IDENTIFIER = com.clicks.pruebaGit;
				PRODUCT_NAME = "$(TARGET_NAME)";
			};
			name = Release;
		};
		A90FBCB21BF7139C000F8629 /* Debug */ = {
			isa = XCBuildConfiguration;
			buildSettings = {
				BUNDLE_LOADER = "$(TEST_HOST)";
				INFOPLIST_FILE = pruebaGitTests/Info.plist;
				LD_RUNPATH_SEARCH_PATHS = "$(inherited) @executable_path/Frameworks @loader_path/Frameworks";
				PRODUCT_BUNDLE_IDENTIFIER = com.clicks.pruebaGitTests;
				PRODUCT_NAME = "$(TARGET_NAME)";
				TEST_HOST = "$(BUILT_PRODUCTS_DIR)/pruebaGit.app/pruebaGit";
			};
			name = Debug;
		};
		A90FBCB31BF7139C000F8629 /* Release */ = {
			isa = XCBuildConfiguration;
			buildSettings = {
				BUNDLE_LOADER = "$(TEST_HOST)";
				INFOPLIST_FILE = pruebaGitTests/Info.plist;
				LD_RUNPATH_SEARCH_PATHS = "$(inherited) @executable_path/Frameworks @loader_path/Frameworks";
				PRODUCT_BUNDLE_IDENTIFIER = com.clicks.pruebaGitTests;
				PRODUCT_NAME = "$(TARGET_NAME)";
				TEST_HOST = "$(BUILT_PRODUCTS_DIR)/pruebaGit.app/pruebaGit";
			};
			name = Release;
		};
		A90FBCB51BF7139C000F8629 /* Debug */ = {
			isa = XCBuildConfiguration;
			buildSettings = {
				INFOPLIST_FILE = pruebaGitUITests/Info.plist;
				LD_RUNPATH_SEARCH_PATHS = "$(inherited) @executable_path/Frameworks @loader_path/Frameworks";
				PRODUCT_BUNDLE_IDENTIFIER = com.clicks.pruebaGitUITests;
				PRODUCT_NAME = "$(TARGET_NAME)";
				TEST_TARGET_NAME = pruebaGit;
				USES_XCTRUNNER = YES;
			};
			name = Debug;
		};
		A90FBCB61BF7139C000F8629 /* Release */ = {
			isa = XCBuildConfiguration;
			buildSettings = {
				INFOPLIST_FILE = pruebaGitUITests/Info.plist;
				LD_RUNPATH_SEARCH_PATHS = "$(inherited) @executable_path/Frameworks @loader_path/Frameworks";
				PRODUCT_BUNDLE_IDENTIFIER = com.clicks.pruebaGitUITests;
				PRODUCT_NAME = "$(TARGET_NAME)";
				TEST_TARGET_NAME = pruebaGit;
				USES_XCTRUNNER = YES;
			};
			name = Release;
		};
/* End XCBuildConfiguration section */

/* Begin XCConfigurationList section */
		A90FBC811BF7139C000F8629 /* Build configuration list for PBXProject "pruebaGit" */ = {
			isa = XCConfigurationList;
			buildConfigurations = (
				A90FBCAC1BF7139C000F8629 /* Debug */,
				A90FBCAD1BF7139C000F8629 /* Release */,
			);
			defaultConfigurationIsVisible = 0;
			defaultConfigurationName = Release;
		};
		A90FBCAE1BF7139C000F8629 /* Build configuration list for PBXNativeTarget "pruebaGit" */ = {
			isa = XCConfigurationList;
			buildConfigurations = (
				A90FBCAF1BF7139C000F8629 /* Debug */,
				A90FBCB01BF7139C000F8629 /* Release */,
			);
			defaultConfigurationIsVisible = 0;
		};
		A90FBCB11BF7139C000F8629 /* Build configuration list for PBXNativeTarget "pruebaGitTests" */ = {
			isa = XCConfigurationList;
			buildConfigurations = (
				A90FBCB21BF7139C000F8629 /* Debug */,
				A90FBCB31BF7139C000F8629 /* Release */,
			);
			defaultConfigurationIsVisible = 0;
		};
		A90FBCB41BF7139C000F8629 /* Build configuration list for PBXNativeTarget "pruebaGitUITests" */ = {
			isa = XCConfigurationList;
			buildConfigurations = (
				A90FBCB51BF7139C000F8629 /* Debug */,
				A90FBCB61BF7139C000F8629 /* Release */,
			);
			defaultConfigurationIsVisible = 0;
		};
/* End XCConfigurationList section */
	};
	rootObject = A90FBC7E1BF7139C000F8629 /* Project object */;
}
